
Microsoft Visual Studio Solution File, Format Version 12.00
# Visual Studio 15
VisualStudioVersion = 15.0.27428.2005
MinimumVisualStudioVersion = 10.0.40219.1
Project("{8BC9CEB8-8B4A-11D0-8D11-00A0C91BC942}") = "AV1", "Build\AV1.vcxproj", "{F053729D-B5F6-45BB-AB29-0CA9F5F2DD45}"
EndProject
Project("{8BC9CEB8-8B4A-11D0-8D11-00A0C91BC942}") = "aom_stitcher_lib", "aom_stitcher_lib\aom_stitcher_lib.vcxproj", "{4DCE1FA4-84DF-4D00-8515-8DFFBC13D807}"
EndProject
Project("{8BC9CEB8-8B4A-11D0-8D11-00A0C91BC942}") = "aom_stitcher_cli", "aom_stitcher_cli\aom_stitcher_cli.vcxproj", "{25A53D96-E269-4CD2-9295-B7DEA054A049}"
EndProject
Global
	GlobalSection(SolutionConfigurationPlatforms) = preSolution
		Debug|x64 = Debug|x64
		Debug|x86 = Debug|x86
		Release|x64 = Release|x64
		Release|x86 = Release|x86
	EndGlobalSection
	GlobalSection(ProjectConfigurationPlatforms) = postSolution
		{F053729D-B5F6-45BB-AB29-0CA9F5F2DD45}.Debug|x64.ActiveCfg = Debug|x64
		{F053729D-B5F6-45BB-AB29-0CA9F5F2DD45}.Debug|x64.Build.0 = Debug|x64
		{F053729D-B5F6-45BB-AB29-0CA9F5F2DD45}.Debug|x86.ActiveCfg = Debug|Win32
		{F053729D-B5F6-45BB-AB29-0CA9F5F2DD45}.Debug|x86.Build.0 = Debug|Win32
		{F053729D-B5F6-45BB-AB29-0CA9F5F2DD45}.Release|x64.ActiveCfg = Release|x64
		{F053729D-B5F6-45BB-AB29-0CA9F5F2DD45}.Release|x64.Build.0 = Release|x64
		{F053729D-B5F6-45BB-AB29-0CA9F5F2DD45}.Release|x86.ActiveCfg = Release|Win32
		{F053729D-B5F6-45BB-AB29-0CA9F5F2DD45}.Release|x86.Build.0 = Release|Win32
		{4DCE1FA4-84DF-4D00-8515-8DFFBC13D807}.Debug|x64.ActiveCfg = Debug|x64
		{4DCE1FA4-84DF-4D00-8515-8DFFBC13D807}.Debug|x64.Build.0 = Debug|x64
		{4DCE1FA4-84DF-4D00-8515-8DFFBC13D807}.Debug|x86.ActiveCfg = Debug|Win32
		{4DCE1FA4-84DF-4D00-8515-8DFFBC13D807}.Debug|x86.Build.0 = Debug|Win32
		{4DCE1FA4-84DF-4D00-8515-8DFFBC13D807}.Release|x64.ActiveCfg = Release|x64
		{4DCE1FA4-84DF-4D00-8515-8DFFBC13D807}.Release|x64.Build.0 = Release|x64
		{4DCE1FA4-84DF-4D00-8515-8DFFBC13D807}.Release|x86.ActiveCfg = Release|Win32
		{4DCE1FA4-84DF-4D00-8515-8DFFBC13D807}.Release|x86.Build.0 = Release|Win32
		{25A53D96-E269-4CD2-9295-B7DEA054A049}.Debug|x64.ActiveCfg = Debug|x64
		{25A53D96-E269-4CD2-9295-B7DEA054A049}.Debug|x64.Build.0 = Debug|x64
		{25A53D96-E269-4CD2-9295-B7DEA054A049}.Debug|x86.ActiveCfg = Debug|Win32
		{25A53D96-E269-4CD2-9295-B7DEA054A049}.Debug|x86.Build.0 = Debug|Win32
		{25A53D96-E269-4CD2-9295-B7DEA054A049}.Release|x64.ActiveCfg = Release|x64
		{25A53D96-E269-4CD2-9295-B7DEA054A049}.Release|x64.Build.0 = Release|x64
		{25A53D96-E269-4CD2-9295-B7DEA054A049}.Release|x86.ActiveCfg = Release|Win32
		{25A53D96-E269-4CD2-9295-B7DEA054A049}.Release|x86.Build.0 = Release|Win32
	EndGlobalSection
	GlobalSection(SolutionProperties) = preSolution
		HideSolutionNode = FALSE
	EndGlobalSection
	GlobalSection(ExtensibilityGlobals) = postSolution
		SolutionGuid = {94D4BF21-7171-4BE0-BB2B-4EDC61067D6F}
	EndGlobalSection
EndGlobal
